{
  "version": 4,
  "terraform_version": "1.7.4",
  "serial": 31,
  "lineage": "e264a97f-071c-ec51-2178-bdf41c31a098",
  "outputs": {},
  "resources": [
    {
      "mode": "managed",
      "type": "aws_subnet",
      "name": "multi-subnet",
      "provider": "provider[\"registry.terraform.io/hashicorp/aws\"]",
      "instances": [
        {
          "index_key": 0,
          "schema_version": 1,
          "attributes": {
            "arn": "arn:aws:ec2:ap-south-1:043309352790:subnet/subnet-0c429dac135046385",
            "assign_ipv6_address_on_creation": false,
            "availability_zone": "ap-south-1c",
            "availability_zone_id": "aps1-az2",
            "cidr_block": "11.0.0.0/24",
            "customer_owned_ipv4_pool": "",
            "enable_dns64": false,
            "enable_lni_at_device_index": 0,
            "enable_resource_name_dns_a_record_on_launch": false,
            "enable_resource_name_dns_aaaa_record_on_launch": false,
            "id": "subnet-0c429dac135046385",
            "ipv6_cidr_block": "",
            "ipv6_cidr_block_association_id": "",
            "ipv6_native": false,
            "map_customer_owned_ip_on_launch": false,
            "map_public_ip_on_launch": false,
            "outpost_arn": "",
            "owner_id": "043309352790",
            "private_dns_hostname_type_on_launch": "ip-name",
            "tags": {
              "ENV": "PROD",
              "Name": "xxxx-multi-env-91524-subnet-0",
              "project": "xxxx-multi-env-91524"
            },
            "tags_all": {
              "ENV": "PROD",
              "Name": "xxxx-multi-env-91524-subnet-0",
              "project": "xxxx-multi-env-91524"
            },
            "timeouts": null,
            "vpc_id": "vpc-01a859147e31f14e6"
          },
          "sensitive_attributes": [],
          "private": "eyJlMmJmYjczMC1lY2FhLTExZTYtOGY4OC0zNDM2M2JjN2M0YzAiOnsiY3JlYXRlIjo2MDAwMDAwMDAwMDAsImRlbGV0ZSI6MTIwMDAwMDAwMDAwMH0sInNjaGVtYV92ZXJzaW9uIjoiMSJ9",
          "dependencies": [
            "aws_vpc.multi-az-vpc"
          ]
        },
        {
          "index_key": 1,
          "schema_version": 1,
          "attributes": {
            "arn": "arn:aws:ec2:ap-south-1:043309352790:subnet/subnet-0713b6423642dabdf",
            "assign_ipv6_address_on_creation": false,
            "availability_zone": "ap-south-1c",
            "availability_zone_id": "aps1-az2",
            "cidr_block": "11.0.1.0/24",
            "customer_owned_ipv4_pool": "",
            "enable_dns64": false,
            "enable_lni_at_device_index": 0,
            "enable_resource_name_dns_a_record_on_launch": false,
            "enable_resource_name_dns_aaaa_record_on_launch": false,
            "id": "subnet-0713b6423642dabdf",
            "ipv6_cidr_block": "",
            "ipv6_cidr_block_association_id": "",
            "ipv6_native": false,
            "map_customer_owned_ip_on_launch": false,
            "map_public_ip_on_launch": false,
            "outpost_arn": "",
            "owner_id": "043309352790",
            "private_dns_hostname_type_on_launch": "ip-name",
            "tags": {
              "ENV": "PROD",
              "Name": "xxxx-multi-env-91524-subnet-1",
              "project": "xxxx-multi-env-91524"
            },
            "tags_all": {
              "ENV": "PROD",
              "Name": "xxxx-multi-env-91524-subnet-1",
              "project": "xxxx-multi-env-91524"
            },
            "timeouts": null,
            "vpc_id": "vpc-01a859147e31f14e6"
          },
          "sensitive_attributes": [],
          "private": "eyJlMmJmYjczMC1lY2FhLTExZTYtOGY4OC0zNDM2M2JjN2M0YzAiOnsiY3JlYXRlIjo2MDAwMDAwMDAwMDAsImRlbGV0ZSI6MTIwMDAwMDAwMDAwMH0sInNjaGVtYV92ZXJzaW9uIjoiMSJ9",
          "dependencies": [
            "aws_vpc.multi-az-vpc"
          ]
        }
      ]
    },
    {
      "mode": "managed",
      "type": "aws_vpc",
      "name": "multi-az-vpc",
      "provider": "provider[\"registry.terraform.io/hashicorp/aws\"]",
      "instances": [
        {
          "schema_version": 1,
          "attributes": {
            "arn": "arn:aws:ec2:ap-south-1:043309352790:vpc/vpc-01a859147e31f14e6",
            "assign_generated_ipv6_cidr_block": false,
            "cidr_block": "11.0.0.0/16",
            "default_network_acl_id": "acl-05506d2b9ed8d3051",
            "default_route_table_id": "rtb-095c5644f184c5690",
            "default_security_group_id": "sg-0d823d940eff10349",
            "dhcp_options_id": "dopt-02d6a18cace43d599",
            "enable_dns_hostnames": false,
            "enable_dns_support": true,
            "enable_network_address_usage_metrics": false,
            "id": "vpc-01a859147e31f14e6",
            "instance_tenancy": "default",
            "ipv4_ipam_pool_id": null,
            "ipv4_netmask_length": null,
            "ipv6_association_id": "",
            "ipv6_cidr_block": "",
            "ipv6_cidr_block_network_border_group": "",
            "ipv6_ipam_pool_id": "",
            "ipv6_netmask_length": 0,
            "main_route_table_id": "rtb-095c5644f184c5690",
            "owner_id": "043309352790",
            "tags": {
              "ENV": "PROD",
              "Name": "xxxx-multi-env-91524-vpc-mumbai",
              "project": "xxxx-multi-env-91524"
            },
            "tags_all": {
              "ENV": "PROD",
              "Name": "xxxx-multi-env-91524-vpc-mumbai",
              "project": "xxxx-multi-env-91524"
            }
          },
          "sensitive_attributes": [],
          "private": "eyJzY2hlbWFfdmVyc2lvbiI6IjEifQ=="
        }
      ]
    }
  ],
  "check_results": null
}
