{
  "version": 4,
  "terraform_version": "1.7.4",
  "serial": 12,
  "lineage": "44fd5b95-8c8a-e105-456c-c35ffafacded",
  "outputs": {
    "user_op": {
      "value": {
        "role": [
          {
            "role": "AmazonEC2FullAccess",
            "username": "raju"
          },
          {
            "role": "AmazonS3ReadOnlyAccess",
            "username": "sham"
          },
          {
            "role": "AWSBillingReadOnlyAccess",
            "username": "baburao"
          },
          {
            "role": "AmazonS3ReadOnlyAccess",
            "username": "baburao"
          },
          {
            "role": "AmazonEC2FullAccess",
            "username": "baburao"
          }
        ]
      },
      "type": [
        "object",
        {
          "role": [
            "tuple",
            [
              [
                "object",
                {
                  "role": "string",
                  "username": "string"
                }
              ],
              [
                "object",
                {
                  "role": "string",
                  "username": "string"
                }
              ],
              [
                "object",
                {
                  "role": "string",
                  "username": "string"
                }
              ],
              [
                "object",
                {
                  "role": "string",
                  "username": "string"
                }
              ],
              [
                "object",
                {
                  "role": "string",
                  "username": "string"
                }
              ]
            ]
          ]
        }
      ]
    }
  },
  "resources": [
    {
      "mode": "managed",
      "type": "aws_iam_user",
      "name": "iam_users",
      "provider": "provider[\"registry.terraform.io/hashicorp/aws\"]",
      "instances": [
        {
          "index_key": "baburao",
          "schema_version": 0,
          "attributes": {
            "arn": "arn:aws:iam::043309352790:user/baburao",
            "force_destroy": false,
            "id": "baburao",
            "name": "baburao",
            "path": "/",
            "permissions_boundary": "",
            "tags": null,
            "tags_all": {},
            "unique_id": "AIDAQUFLQI5LHSI6VY5JJ"
          },
          "sensitive_attributes": [],
          "private": "bnVsbA=="
        },
        {
          "index_key": "raju",
          "schema_version": 0,
          "attributes": {
            "arn": "arn:aws:iam::043309352790:user/raju",
            "force_destroy": false,
            "id": "raju",
            "name": "raju",
            "path": "/",
            "permissions_boundary": "",
            "tags": null,
            "tags_all": {},
            "unique_id": "AIDAQUFLQI5LKOVKYZVR2"
          },
          "sensitive_attributes": [],
          "private": "bnVsbA=="
        },
        {
          "index_key": "sham",
          "schema_version": 0,
          "attributes": {
            "arn": "arn:aws:iam::043309352790:user/sham",
            "force_destroy": false,
            "id": "sham",
            "name": "sham",
            "path": "/",
            "permissions_boundary": "",
            "tags": null,
            "tags_all": {},
            "unique_id": "AIDAQUFLQI5LEYKL77J4Y"
          },
          "sensitive_attributes": [],
          "private": "bnVsbA=="
        }
      ]
    },
    {
      "mode": "managed",
      "type": "aws_iam_user_login_profile",
      "name": "iam_profiles",
      "provider": "provider[\"registry.terraform.io/hashicorp/aws\"]",
      "instances": [
        {
          "index_key": "baburao",
          "schema_version": 0,
          "attributes": {
            "encrypted_password": null,
            "id": "baburao",
            "key_fingerprint": null,
            "password": "Q]i4|{nX]n-w",
            "password_length": 12,
            "password_reset_required": null,
            "pgp_key": null,
            "user": "baburao"
          },
          "sensitive_attributes": [],
          "private": "bnVsbA==",
          "dependencies": [
            "aws_iam_user.iam_users"
          ]
        },
        {
          "index_key": "raju",
          "schema_version": 0,
          "attributes": {
            "encrypted_password": null,
            "id": "raju",
            "key_fingerprint": null,
            "password": "og-t_l[NRZl1",
            "password_length": 12,
            "password_reset_required": null,
            "pgp_key": null,
            "user": "raju"
          },
          "sensitive_attributes": [],
          "private": "bnVsbA==",
          "dependencies": [
            "aws_iam_user.iam_users"
          ]
        },
        {
          "index_key": "sham",
          "schema_version": 0,
          "attributes": {
            "encrypted_password": null,
            "id": "sham",
            "key_fingerprint": null,
            "password": "+EcJKxgK(a%5",
            "password_length": 12,
            "password_reset_required": null,
            "pgp_key": null,
            "user": "sham"
          },
          "sensitive_attributes": [],
          "private": "bnVsbA==",
          "dependencies": [
            "aws_iam_user.iam_users"
          ]
        }
      ]
    },
    {
      "mode": "managed",
      "type": "aws_iam_user_policy_attachment",
      "name": "user_policy_attach",
      "provider": "provider[\"registry.terraform.io/hashicorp/aws\"]",
      "instances": [
        {
          "index_key": "baburao-AWSBillingReadOnlyAccess",
          "schema_version": 0,
          "attributes": {
            "id": "baburao-20240915173639248600000003",
            "policy_arn": "arn:aws:iam::aws:policy/AWSBillingReadOnlyAccess",
            "user": "baburao"
          },
          "sensitive_attributes": [],
          "private": "bnVsbA==",
          "dependencies": [
            "aws_iam_user.iam_users"
          ]
        },
        {
          "index_key": "baburao-AmazonEC2FullAccess",
          "schema_version": 0,
          "attributes": {
            "id": "baburao-20240915173638961400000001",
            "policy_arn": "arn:aws:iam::aws:policy/AmazonEC2FullAccess",
            "user": "baburao"
          },
          "sensitive_attributes": [],
          "private": "bnVsbA==",
          "dependencies": [
            "aws_iam_user.iam_users"
          ]
        },
        {
          "index_key": "baburao-AmazonS3ReadOnlyAccess",
          "schema_version": 0,
          "attributes": {
            "id": "baburao-20240915173639499800000005",
            "policy_arn": "arn:aws:iam::aws:policy/AmazonS3ReadOnlyAccess",
            "user": "baburao"
          },
          "sensitive_attributes": [],
          "private": "bnVsbA==",
          "dependencies": [
            "aws_iam_user.iam_users"
          ]
        },
        {
          "index_key": "raju-AmazonEC2FullAccess",
          "schema_version": 0,
          "attributes": {
            "id": "raju-20240915173639228000000002",
            "policy_arn": "arn:aws:iam::aws:policy/AmazonEC2FullAccess",
            "user": "raju"
          },
          "sensitive_attributes": [],
          "private": "bnVsbA==",
          "dependencies": [
            "aws_iam_user.iam_users"
          ]
        },
        {
          "index_key": "sham-AmazonS3ReadOnlyAccess",
          "schema_version": 0,
          "attributes": {
            "id": "sham-20240915173639283600000004",
            "policy_arn": "arn:aws:iam::aws:policy/AmazonS3ReadOnlyAccess",
            "user": "sham"
          },
          "sensitive_attributes": [],
          "private": "bnVsbA==",
          "dependencies": [
            "aws_iam_user.iam_users"
          ]
        }
      ]
    }
  ],
  "check_results": null
}
